
Microsoft Visual Studio Solution File, Format Version 12.00
# Visual Studio Version 17
VisualStudioVersion = 17.10.35027.167
MinimumVisualStudioVersion = 10.0.40219.1
Project("{FAE04EC0-301F-11D3-BF4B-00C04F79EFBC}") = "webEstudiantes", "webEstudiantes\webEstudiantes.csproj", "{F08605CC-EF4E-4503-B5DA-168CFB669C73}"
EndProject
Global
	GlobalSection(SolutionConfigurationPlatforms) = preSolution
		Debug|Any CPU = Debug|Any CPU
		Release|Any CPU = Release|Any CPU
	EndGlobalSection
	GlobalSection(ProjectConfigurationPlatforms) = postSolution
		{F08605CC-EF4E-4503-B5DA-168CFB669C73}.Debug|Any CPU.ActiveCfg = Debug|Any CPU
		{F08605CC-EF4E-4503-B5DA-168CFB669C73}.Debug|Any CPU.Build.0 = Debug|Any CPU
		{F08605CC-EF4E-4503-B5DA-168CFB669C73}.Release|Any CPU.ActiveCfg = Release|Any CPU
		{F08605CC-EF4E-4503-B5DA-168CFB669C73}.Release|Any CPU.Build.0 = Release|Any CPU
	EndGlobalSection
	GlobalSection(SolutionProperties) = preSolution
		HideSolutionNode = FALSE
	EndGlobalSection
	GlobalSection(ExtensibilityGlobals) = postSolution
		SolutionGuid = {03079611-95A7-4A19-B7EA-516C8125149B}
	EndGlobalSection
EndGlobal
